// !$*UTF8*$!
{
	archiveVersion = 1;
	classes = {
	};
	objectVersion = 60;
	objects = {

/* Begin PBXBuildFile section */
		A1B2C3D4E5F60001001 /* EPANET3MacApp.swift in Sources */ = {isa = PBXBuildFile; fileRef = A1B2C3D4E5F60002001 /* EPANET3MacApp.swift */; };
		A1B2C3D4E5F60003001 /* EPANET3iOSApp.swift in Sources */ = {isa = PBXBuildFile; fileRef = A1B2C3D4E5F60004001 /* EPANET3iOSApp.swift */; };
		A1B2C3D4E5F60005001 /* EPANET3AppUI in Frameworks */ = {isa = PBXBuildFile; productRef = A1B2C3D4E5F60006001 /* EPANET3AppUI */; };
		A1B2C3D4E5F60007001 /* EPANET3AppUI in Frameworks */ = {isa = PBXBuildFile; productRef = A1B2C3D4E5F60008001 /* EPANET3AppUI */; };
/* End PBXBuildFile section */

/* Begin PBXFileReference section */
		4311E24D2F670CA1006E8238 /* EPANET3Mac.app */ = {isa = PBXFileReference; explicitFileType = wrapper.application; includeInIndex = 0; path = EPANET3Mac.app; sourceTree = BUILT_PRODUCTS_DIR; };
		4311E24F2F670CA1006E8238 /* EPANET3iOS.app */ = {isa = PBXFileReference; explicitFileType = wrapper.application; includeInIndex = 0; path = EPANET3iOS.app; sourceTree = BUILT_PRODUCTS_DIR; };
		A1B2C3D4E5F60002001 /* EPANET3MacApp.swift */ = {isa = PBXFileReference; lastKnownFileType = sourcecode.swift; path = EPANET3Mac/EPANET3MacApp.swift; sourceTree = "<group>"; };
		A1B2C3D4E5F60004001 /* EPANET3iOSApp.swift */ = {isa = PBXFileReference; lastKnownFileType = sourcecode.swift; path = EPANET3iOS/EPANET3iOSApp.swift; sourceTree = "<group>"; };
		4311E2502F670CA1006E8238 /* EPANET3App */ = {isa = PBXFileReference; lastKnownFileType = folder; name = EPANET3App; path = ".."; sourceTree = "<group>"; };
/* End PBXFileReference section */

/* Begin PBXFrameworksBuildPhase section */
		A1B2C3D4E5F6000B001 /* Frameworks */ = {
			isa = PBXFrameworksBuildPhase;
			buildActionMask = 2147483647;
			files = (
				A1B2C3D4E5F60005001 /* EPANET3AppUI in Frameworks */,
			);
			runOnlyForDeploymentPostprocessing = 0;
		};
		A1B2C3D4E5F6000C001 /* Frameworks */ = {
			isa = PBXFrameworksBuildPhase;
			buildActionMask = 2147483647;
			files = (
				A1B2C3D4E5F60007001 /* EPANET3AppUI in Frameworks */,
			);
			runOnlyForDeploymentPostprocessing = 0;
		};
/* End PBXFrameworksBuildPhase section */

/* Begin PBXGroup section */
		4311E24B2F670CA1006E8238 /* EPANET3Xcode */ = {
			isa = PBXGroup;
			children = (
				4311E2502F670CA1006E8238 /* EPANET3App */,
				4311E24C2F670CA1006E8238 /* Recovered References */,
				4311E24E2F670CA1006E8238 /* Products */,
			);
			path = .;
			sourceTree = "<group>";
		};
		4311E24C2F670CA1006E8238 /* Recovered References */ = {
			isa = PBXGroup;
			children = (
				A1B2C3D4E5F60002001 /* EPANET3MacApp.swift */,
				A1B2C3D4E5F60004001 /* EPANET3iOSApp.swift */,
			);
			name = "Recovered References";
			sourceTree = "<group>";
		};
		4311E24E2F670CA1006E8238 /* Products */ = {
			isa = PBXGroup;
			children = (
				4311E24D2F670CA1006E8238 /* EPANET3Mac.app */,
				4311E24F2F670CA1006E8238 /* EPANET3iOS.app */,
			);
			name = Products;
			sourceTree = "<group>";
		};
/* End PBXGroup section */

/* Begin PBXNativeTarget section */
		A1B2C3D4E5F60011001 /* EPANET3Mac */ = {
			isa = PBXNativeTarget;
			buildConfigurationList = A1B2C3D4E5F60012001 /* Build configuration list for PBXNativeTarget "EPANET3Mac" */;
			buildPhases = (
				A1B2C3D4E5F60013001 /* Sources */,
				A1B2C3D4E5F6000B001 /* Frameworks */,
				A1B2C3D4E5F60014001 /* Resources */,
			);
			buildRules = (
			);
			dependencies = (
			);
			name = EPANET3Mac;
			packageProductDependencies = (
				A1B2C3D4E5F60006001 /* EPANET3AppUI */,
			);
			productName = EPANET3Mac;
			productReference = 4311E24D2F670CA1006E8238 /* EPANET3Mac.app */;
			productType = "com.apple.product-type.application";
		};
		A1B2C3D4E5F60015001 /* EPANET3iOS */ = {
			isa = PBXNativeTarget;
			buildConfigurationList = A1B2C3D4E5F60016001 /* Build configuration list for PBXNativeTarget "EPANET3iOS" */;
			buildPhases = (
				A1B2C3D4E5F60017001 /* Sources */,
				A1B2C3D4E5F6000C001 /* Frameworks */,
				A1B2C3D4E5F60018001 /* Resources */,
			);
			buildRules = (
			);
			dependencies = (
			);
			name = EPANET3iOS;
			packageProductDependencies = (
				A1B2C3D4E5F60008001 /* EPANET3AppUI */,
			);
			productName = EPANET3iOS;
			productReference = 4311E24F2F670CA1006E8238 /* EPANET3iOS.app */;
			productType = "com.apple.product-type.application";
		};
/* End PBXNativeTarget section */

/* Begin PBXProject section */
		A1B2C3D4E5F60019001 /* Project object */ = {
			isa = PBXProject;
			attributes = {
				BuildIndependentTargetsInParallel = 1;
				LastSwiftUpdateCheck = 1500;
				LastUpgradeCheck = 1500;
			};
			buildConfigurationList = A1B2C3D4E5F6001A001 /* Build configuration list for PBXProject "EPANET3Xcode" */;
			compatibilityVersion = "Xcode 14.0";
			developmentRegion = "zh-Hans";
			hasScannedForEncodings = 0;
			knownRegions = (
				en,
				Base,
				"zh-Hans",
			);
			mainGroup = 4311E24B2F670CA1006E8238 /* /Users/iamxp/xcode-cursor/EPANET3App/EPANET3Xcode/EPANET3Xcode.xcodeproj */;
			packageReferences = (
				A1B2C3D4E5F6001B001 /* XCLocalSwiftPackageReference ".." */,
			);
			productRefGroup = 4311E24E2F670CA1006E8238 /* Products */;
			projectDirPath = "";
			projectRoot = "";
			targets = (
				A1B2C3D4E5F60011001 /* EPANET3Mac */,
				A1B2C3D4E5F60015001 /* EPANET3iOS */,
			);
		};
/* End PBXProject section */

/* Begin PBXResourcesBuildPhase section */
		A1B2C3D4E5F60014001 /* Resources */ = {
			isa = PBXResourcesBuildPhase;
			buildActionMask = 2147483647;
			files = (
			);
			runOnlyForDeploymentPostprocessing = 0;
		};
		A1B2C3D4E5F60018001 /* Resources */ = {
			isa = PBXResourcesBuildPhase;
			buildActionMask = 2147483647;
			files = (
			);
			runOnlyForDeploymentPostprocessing = 0;
		};
/* End PBXResourcesBuildPhase section */

/* Begin PBXSourcesBuildPhase section */
		A1B2C3D4E5F60013001 /* Sources */ = {
			isa = PBXSourcesBuildPhase;
			buildActionMask = 2147483647;
			files = (
				A1B2C3D4E5F60001001 /* EPANET3MacApp.swift in Sources */,
			);
			runOnlyForDeploymentPostprocessing = 0;
		};
		A1B2C3D4E5F60017001 /* Sources */ = {
			isa = PBXSourcesBuildPhase;
			buildActionMask = 2147483647;
			files = (
				A1B2C3D4E5F60003001 /* EPANET3iOSApp.swift in Sources */,
			);
			runOnlyForDeploymentPostprocessing = 0;
		};
/* End PBXSourcesBuildPhase section */

/* Begin XCBuildConfiguration section */
		A1B2C3D4E5F6001C001 /* Debug */ = {
			isa = XCBuildConfiguration;
			buildSettings = {
				ALWAYS_SEARCH_USER_PATHS = NO;
				ASSETCATALOG_COMPILER_GENERATE_SWIFT_ASSET_SYMBOL_EXTENSIONS = YES;
				CLANG_ANALYZER_NONNULL = YES;
				CLANG_ENABLE_MODULES = YES;
				CLANG_ENABLE_OBJC_ARC = YES;
				COPY_PHASE_STRIP = NO;
				DEBUG_INFORMATION_FORMAT = dwarf;
				ENABLE_STRICT_OBJC_MSGSEND = YES;
				ENABLE_TESTABILITY = YES;
				GCC_DYNAMIC_NO_PIC = NO;
				GCC_OPTIMIZATION_LEVEL = 0;
				GCC_PREPROCESSOR_DEFINITIONS = (
					"DEBUG=1",
					"$(inherited)",
				);
				MACOSX_DEPLOYMENT_TARGET = 13.0;
				MTL_ENABLE_DEBUG_INFO = INCLUDE_SOURCE;
				MTL_FAST_MATH = YES;
				ONLY_ACTIVE_ARCH = YES;
				SDKROOT = macosx;
				SWIFT_ACTIVE_COMPILATION_CONDITIONS = "DEBUG $(inherited)";
				SWIFT_OPTIMIZATION_LEVEL = "-Onone";
			};
			name = Debug;
		};
		A1B2C3D4E5F6001D001 /* Release */ = {
			isa = XCBuildConfiguration;
			buildSettings = {
				ALWAYS_SEARCH_USER_PATHS = NO;
				ASSETCATALOG_COMPILER_GENERATE_SWIFT_ASSET_SYMBOL_EXTENSIONS = YES;
				CLANG_ANALYZER_NONNULL = YES;
				CLANG_ENABLE_MODULES = YES;
				CLANG_ENABLE_OBJC_ARC = YES;
				COPY_PHASE_STRIP = NO;
				DEBUG_INFORMATION_FORMAT = "dwarf-with-dsym";
				ENABLE_NS_ASSERTIONS = NO;
				ENABLE_STRICT_OBJC_MSGSEND = YES;
				GCC_OPTIMIZATION_LEVEL = s;
				MACOSX_DEPLOYMENT_TARGET = 13.0;
				MTL_ENABLE_DEBUG_INFO = NO;
				MTL_FAST_MATH = YES;
				SDKROOT = macosx;
				SWIFT_COMPILATION_MODE = wholemodule;
			};
			name = Release;
		};
		A1B2C3D4E5F6001E001 /* Debug */ = {
			isa = XCBuildConfiguration;
			buildSettings = {
				ASSETCATALOG_COMPILER_APPICON_NAME = AppIcon;
				ASSETCATALOG_COMPILER_GLOBAL_ACCENT_COLOR_NAME = AccentColor;
				CODE_SIGN_STYLE = Automatic;
				COMBINE_HIDPI_IMAGES = YES;
				CURRENT_PROJECT_VERSION = 1;
				DEVELOPMENT_ASSET_PATHS = "";
				ENABLE_PREVIEWS = YES;
				GENERATE_INFOPLIST_FILE = YES;
				INFOPLIST_KEY_CFBundleAllowMixedLocalizations = YES;
				INFOPLIST_KEY_CFBundleDevelopmentRegion = "zh-Hans";
				INFOPLIST_KEY_CFBundleLocalizations = (zh-Hans);
				INFOPLIST_KEY_CFBundleName = "斗水车";
				INFOPLIST_KEY_CFBundleDisplayName = "斗水车";
				INFOPLIST_KEY_NSHumanReadableCopyright = "";
				LD_RUNPATH_SEARCH_PATHS = (
					"$(inherited)",
					"@executable_path/../Frameworks",
				);
				MACOSX_DEPLOYMENT_TARGET = 13.0;
				MARKETING_VERSION = 1.0;
				PRODUCT_BUNDLE_IDENTIFIER = com.epanet3.mac;
				PRODUCT_NAME = "斗水车";
				SWIFT_EMIT_LOC_STRINGS = YES;
				SWIFT_VERSION = 5.0;
			};
			name = Debug;
		};
		A1B2C3D4E5F6001F001 /* Release */ = {
			isa = XCBuildConfiguration;
			buildSettings = {
				ASSETCATALOG_COMPILER_APPICON_NAME = AppIcon;
				ASSETCATALOG_COMPILER_GLOBAL_ACCENT_COLOR_NAME = AccentColor;
				CODE_SIGN_STYLE = Automatic;
				COMBINE_HIDPI_IMAGES = YES;
				CURRENT_PROJECT_VERSION = 1;
				DEVELOPMENT_ASSET_PATHS = "";
				ENABLE_PREVIEWS = YES;
				GENERATE_INFOPLIST_FILE = YES;
				INFOPLIST_KEY_CFBundleAllowMixedLocalizations = YES;
				INFOPLIST_KEY_CFBundleDevelopmentRegion = "zh-Hans";
				INFOPLIST_KEY_CFBundleLocalizations = (zh-Hans);
				INFOPLIST_KEY_CFBundleName = "斗水车";
				INFOPLIST_KEY_CFBundleDisplayName = "斗水车";
				INFOPLIST_KEY_NSHumanReadableCopyright = "";
				LD_RUNPATH_SEARCH_PATHS = (
					"$(inherited)",
					"@executable_path/../Frameworks",
				);
				MACOSX_DEPLOYMENT_TARGET = 13.0;
				MARKETING_VERSION = 1.0;
				PRODUCT_BUNDLE_IDENTIFIER = com.epanet3.mac;
				PRODUCT_NAME = "斗水车";
				SWIFT_EMIT_LOC_STRINGS = YES;
				SWIFT_VERSION = 5.0;
			};
			name = Release;
		};
		A1B2C3D4E5F60020001 /* Debug */ = {
			isa = XCBuildConfiguration;
			buildSettings = {
				ASSETCATALOG_COMPILER_APPICON_NAME = AppIcon;
				ASSETCATALOG_COMPILER_GLOBAL_ACCENT_COLOR_NAME = AccentColor;
				CODE_SIGN_STYLE = Automatic;
				CURRENT_PROJECT_VERSION = 1;
				DEVELOPMENT_ASSET_PATHS = "";
				DEVELOPMENT_TEAM = 2HX564WGFC;
				ENABLE_PREVIEWS = YES;
				GENERATE_INFOPLIST_FILE = YES;
				INFOPLIST_KEY_UIApplicationSceneManifest_Generation = YES;
				INFOPLIST_KEY_UIApplicationSupportsIndirectInputEvents = YES;
				INFOPLIST_KEY_UILaunchScreen_Generation = YES;
				INFOPLIST_KEY_UISupportedInterfaceOrientations = "UIInterfaceOrientationPortrait UIInterfaceOrientationLandscapeLeft UIInterfaceOrientationLandscapeRight";
				IPHONEOS_DEPLOYMENT_TARGET = 17.0;
				LD_RUNPATH_SEARCH_PATHS = (
					"$(inherited)",
					"@executable_path/Frameworks",
				);
				MARKETING_VERSION = 1.0;
				PRODUCT_BUNDLE_IDENTIFIER = com.epanet3.ios;
				PRODUCT_NAME = "$(TARGET_NAME)";
				SDKROOT = iphoneos;
				SUPPORTED_PLATFORMS = "iphoneos iphonesimulator";
				SUPPORTS_MACCATALYST = NO;
				SWIFT_EMIT_LOC_STRINGS = YES;
				SWIFT_VERSION = 5.0;
				TARGETED_DEVICE_FAMILY = "1,2";
			};
			name = Debug;
		};
		A1B2C3D4E5F60021001 /* Release */ = {
			isa = XCBuildConfiguration;
			buildSettings = {
				ASSETCATALOG_COMPILER_APPICON_NAME = AppIcon;
				ASSETCATALOG_COMPILER_GLOBAL_ACCENT_COLOR_NAME = AccentColor;
				CODE_SIGN_STYLE = Automatic;
				CURRENT_PROJECT_VERSION = 1;
				DEVELOPMENT_ASSET_PATHS = "";
				DEVELOPMENT_TEAM = 2HX564WGFC;
				ENABLE_PREVIEWS = YES;
				GENERATE_INFOPLIST_FILE = YES;
				INFOPLIST_KEY_UIApplicationSceneManifest_Generation = YES;
				INFOPLIST_KEY_UIApplicationSupportsIndirectInputEvents = YES;
				INFOPLIST_KEY_UILaunchScreen_Generation = YES;
				INFOPLIST_KEY_UISupportedInterfaceOrientations = "UIInterfaceOrientationPortrait UIInterfaceOrientationLandscapeLeft UIInterfaceOrientationLandscapeRight";
				IPHONEOS_DEPLOYMENT_TARGET = 17.0;
				LD_RUNPATH_SEARCH_PATHS = (
					"$(inherited)",
					"@executable_path/Frameworks",
				);
				MARKETING_VERSION = 1.0;
				PRODUCT_BUNDLE_IDENTIFIER = com.epanet3.ios;
				PRODUCT_NAME = "$(TARGET_NAME)";
				SDKROOT = iphoneos;
				SUPPORTED_PLATFORMS = "iphoneos iphonesimulator";
				SUPPORTS_MACCATALYST = NO;
				SWIFT_EMIT_LOC_STRINGS = YES;
				SWIFT_VERSION = 5.0;
				TARGETED_DEVICE_FAMILY = "1,2";
			};
			name = Release;
		};
/* End XCBuildConfiguration section */

/* Begin XCConfigurationList section */
		A1B2C3D4E5F60012001 /* Build configuration list for PBXNativeTarget "EPANET3Mac" */ = {
			isa = XCConfigurationList;
			buildConfigurations = (
				A1B2C3D4E5F6001E001 /* Debug */,
				A1B2C3D4E5F6001F001 /* Release */,
			);
			defaultConfigurationIsVisible = 0;
			defaultConfigurationName = Release;
		};
		A1B2C3D4E5F60016001 /* Build configuration list for PBXNativeTarget "EPANET3iOS" */ = {
			isa = XCConfigurationList;
			buildConfigurations = (
				A1B2C3D4E5F60020001 /* Debug */,
				A1B2C3D4E5F60021001 /* Release */,
			);
			defaultConfigurationIsVisible = 0;
			defaultConfigurationName = Release;
		};
		A1B2C3D4E5F6001A001 /* Build configuration list for PBXProject "EPANET3Xcode" */ = {
			isa = XCConfigurationList;
			buildConfigurations = (
				A1B2C3D4E5F6001C001 /* Debug */,
				A1B2C3D4E5F6001D001 /* Release */,
			);
			defaultConfigurationIsVisible = 0;
			defaultConfigurationName = Release;
		};
/* End XCConfigurationList section */

/* Begin XCLocalSwiftPackageReference section */
		A1B2C3D4E5F6001B001 /* XCLocalSwiftPackageReference ".." */ = {
			isa = XCLocalSwiftPackageReference;
			relativePath = ..;
		};
/* End XCLocalSwiftPackageReference section */

/* Begin XCSwiftPackageProductDependency section */
		A1B2C3D4E5F60006001 /* EPANET3AppUI */ = {
			isa = XCSwiftPackageProductDependency;
			package = A1B2C3D4E5F6001B001 /* XCLocalSwiftPackageReference ".." */;
			productName = EPANET3AppUI;
		};
		A1B2C3D4E5F60008001 /* EPANET3AppUI */ = {
			isa = XCSwiftPackageProductDependency;
			package = A1B2C3D4E5F6001B001 /* XCLocalSwiftPackageReference ".." */;
			productName = EPANET3AppUI;
		};
/* End XCSwiftPackageProductDependency section */
	};
	rootObject = A1B2C3D4E5F60019001 /* Project object */;
}
